// !$*UTF8*$!
{
	archiveVersion = 1;
	classes = {
	};
	objectVersion = 77;
	objects = {

/* Begin PBXBuildFile section */
		C62716FB2E7177C7009E3B75 /* AlertToast in Frameworks */ = {isa = PBXBuildFile; productRef = C62716FA2E7177C7009E3B75 /* AlertToast */; };
		C654EEF12FD69384006FCCBC /* PrivacyInfo.xcprivacy in Resources */ = {isa = PBXBuildFile; fileRef = C654EED32FD69384006FCCBC /* PrivacyInfo.xcprivacy */; };
		C654EEF22FD69384006FCCBC /* ETNewProtocolWorker.m in Sources */ = {isa = PBXBuildFile; fileRef = C654EEE02FD69384006FCCBC /* ETNewProtocolWorker.m */; };
		C654EEF32FD69384006FCCBC /* ETVgwRtObj.m in Sources */ = {isa = PBXBuildFile; fileRef = C654EEE42FD69384006FCCBC /* ETVgwRtObj.m */; };
		C654EEF42FD69384006FCCBC /* ETBleScanData.m in Sources */ = {isa = PBXBuildFile; fileRef = C654EEDC2FD69384006FCCBC /* ETBleScanData.m */; };
		C654EEF52FD69384006FCCBC /* ETTimerTool.m in Sources */ = {isa = PBXBuildFile; fileRef = C654EEE22FD69384006FCCBC /* ETTimerTool.m */; };
		C654EEF62FD69384006FCCBC /* UnitTool.m in Sources */ = {isa = PBXBuildFile; fileRef = C654EEEB2FD69384006FCCBC /* UnitTool.m */; };
		C654EEF72FD69384006FCCBC /* NSData+Util.m in Sources */ = {isa = PBXBuildFile; fileRef = C654EEE62FD69384006FCCBC /* NSData+Util.m */; };
		C654EEF82FD69384006FCCBC /* ElitechToolDevice.m in Sources */ = {isa = PBXBuildFile; fileRef = C654EED92FD69384006FCCBC /* ElitechToolDevice.m */; };
		C654EEF92FD69384006FCCBC /* ElitechManager.m in Sources */ = {isa = PBXBuildFile; fileRef = C654EED72FD69384006FCCBC /* ElitechManager.m */; };
		C654EEFA2FD69384006FCCBC /* ETNewProtocol.m in Sources */ = {isa = PBXBuildFile; fileRef = C654EEDE2FD69384006FCCBC /* ETNewProtocol.m */; };
		C654EEFB2FD69384006FCCBC /* NSObject+Utils.m in Sources */ = {isa = PBXBuildFile; fileRef = C654EEE82FD69384006FCCBC /* NSObject+Utils.m */; };
		C660B4D52E7C03EC0072054E /* libxlsxwriter in Frameworks */ = {isa = PBXBuildFile; productRef = C660B4D42E7C03EC0072054E /* libxlsxwriter */; };
/* End PBXBuildFile section */

/* Begin PBXContainerItemProxy section */
		C654EF2F2FD6938D006FCCBC /* PBXContainerItemProxy */ = {
			isa = PBXContainerItemProxy;
			containerPortal = C654EEED2FD69384006FCCBC /* ElitechToolSDK.xcodeproj */;
			proxyType = 1;
			remoteGlobalIDString = C6C2DAA42EBD9CC100C7FE1A;
			remoteInfo = ElitechToolSDK;
		};
/* End PBXContainerItemProxy section */

/* Begin PBXFileReference section */
		C62716CA2E700DDC009E3B75 /* ElitechToolDemo.app */ = {isa = PBXFileReference; explicitFileType = wrapper.application; includeInIndex = 0; path = ElitechToolDemo.app; sourceTree = BUILT_PRODUCTS_DIR; };
		C654EED32FD69384006FCCBC /* PrivacyInfo.xcprivacy */ = {isa = PBXFileReference; lastKnownFileType = text.xml; path = PrivacyInfo.xcprivacy; sourceTree = "<group>"; };
		C654EED52FD69384006FCCBC /* DeviceTypeDefine.h */ = {isa = PBXFileReference; lastKnownFileType = sourcecode.c.h; path = DeviceTypeDefine.h; sourceTree = "<group>"; };
		C654EED62FD69384006FCCBC /* ElitechManager.h */ = {isa = PBXFileReference; lastKnownFileType = sourcecode.c.h; path = ElitechManager.h; sourceTree = "<group>"; };
		C654EED72FD69384006FCCBC /* ElitechManager.m */ = {isa = PBXFileReference; lastKnownFileType = sourcecode.c.objc; path = ElitechManager.m; sourceTree = "<group>"; };
		C654EED82FD69384006FCCBC /* ElitechToolDevice.h */ = {isa = PBXFileReference; lastKnownFileType = sourcecode.c.h; path = ElitechToolDevice.h; sourceTree = "<group>"; };
		C654EED92FD69384006FCCBC /* ElitechToolDevice.m */ = {isa = PBXFileReference; lastKnownFileType = sourcecode.c.objc; path = ElitechToolDevice.m; sourceTree = "<group>"; };
		C654EEDA2FD69384006FCCBC /* ElitechToolSDK.h */ = {isa = PBXFileReference; lastKnownFileType = sourcecode.c.h; path = ElitechToolSDK.h; sourceTree = "<group>"; };
		C654EEDB2FD69384006FCCBC /* ETBleScanData.h */ = {isa = PBXFileReference; lastKnownFileType = sourcecode.c.h; path = ETBleScanData.h; sourceTree = "<group>"; };
		C654EEDC2FD69384006FCCBC /* ETBleScanData.m */ = {isa = PBXFileReference; lastKnownFileType = sourcecode.c.objc; path = ETBleScanData.m; sourceTree = "<group>"; };
		C654EEDD2FD69384006FCCBC /* ETNewProtocol.h */ = {isa = PBXFileReference; lastKnownFileType = sourcecode.c.h; path = ETNewProtocol.h; sourceTree = "<group>"; };
		C654EEDE2FD69384006FCCBC /* ETNewProtocol.m */ = {isa = PBXFileReference; lastKnownFileType = sourcecode.c.objc; path = ETNewProtocol.m; sourceTree = "<group>"; };
		C654EEDF2FD69384006FCCBC /* ETNewProtocolWorker.h */ = {isa = PBXFileReference; lastKnownFileType = sourcecode.c.h; path = ETNewProtocolWorker.h; sourceTree = "<group>"; };
		C654EEE02FD69384006FCCBC /* ETNewProtocolWorker.m */ = {isa = PBXFileReference; lastKnownFileType = sourcecode.c.objc; path = ETNewProtocolWorker.m; sourceTree = "<group>"; };
		C654EEE12FD69384006FCCBC /* ETTimerTool.h */ = {isa = PBXFileReference; lastKnownFileType = sourcecode.c.h; path = ETTimerTool.h; sourceTree = "<group>"; };
		C654EEE22FD69384006FCCBC /* ETTimerTool.m */ = {isa = PBXFileReference; lastKnownFileType = sourcecode.c.objc; path = ETTimerTool.m; sourceTree = "<group>"; };
		C654EEE32FD69384006FCCBC /* ETVgwRtObj.h */ = {isa = PBXFileReference; lastKnownFileType = sourcecode.c.h; path = ETVgwRtObj.h; sourceTree = "<group>"; };
		C654EEE42FD69384006FCCBC /* ETVgwRtObj.m */ = {isa = PBXFileReference; lastKnownFileType = sourcecode.c.objc; path = ETVgwRtObj.m; sourceTree = "<group>"; };
		C654EEE52FD69384006FCCBC /* NSData+Util.h */ = {isa = PBXFileReference; lastKnownFileType = sourcecode.c.h; path = "NSData+Util.h"; sourceTree = "<group>"; };
		C654EEE62FD69384006FCCBC /* NSData+Util.m */ = {isa = PBXFileReference; lastKnownFileType = sourcecode.c.objc; path = "NSData+Util.m"; sourceTree = "<group>"; };
		C654EEE72FD69384006FCCBC /* NSObject+Utils.h */ = {isa = PBXFileReference; lastKnownFileType = sourcecode.c.h; path = "NSObject+Utils.h"; sourceTree = "<group>"; };
		C654EEE82FD69384006FCCBC /* NSObject+Utils.m */ = {isa = PBXFileReference; lastKnownFileType = sourcecode.c.objc; path = "NSObject+Utils.m"; sourceTree = "<group>"; };
		C654EEE92FD69384006FCCBC /* UnitsDefine.h */ = {isa = PBXFileReference; lastKnownFileType = sourcecode.c.h; path = UnitsDefine.h; sourceTree = "<group>"; };
		C654EEEA2FD69384006FCCBC /* UnitTool.h */ = {isa = PBXFileReference; lastKnownFileType = sourcecode.c.h; path = UnitTool.h; sourceTree = "<group>"; };
		C654EEEB2FD69384006FCCBC /* UnitTool.m */ = {isa = PBXFileReference; lastKnownFileType = sourcecode.c.objc; path = UnitTool.m; sourceTree = "<group>"; };
		C654EEED2FD69384006FCCBC /* ElitechToolSDK.xcodeproj */ = {isa = PBXFileReference; lastKnownFileType = "wrapper.pb-project"; path = ElitechToolSDK.xcodeproj; sourceTree = "<group>"; };
/* End PBXFileReference section */

/* Begin PBXFileSystemSynchronizedBuildFileExceptionSet section */
		C6C2D9212EB8A58800C7FE1A /* Exceptions for "ElitechToolDemo" folder in "ElitechToolDemo" target */ = {
			isa = PBXFileSystemSynchronizedBuildFileExceptionSet;
			membershipExceptions = (
				Info.plist,
			);
			target = C62716C92E700DDC009E3B75 /* ElitechToolDemo */;
		};
/* End PBXFileSystemSynchronizedBuildFileExceptionSet section */

/* Begin PBXFileSystemSynchronizedRootGroup section */
		C62716CC2E700DDC009E3B75 /* ElitechToolDemo */ = {
			isa = PBXFileSystemSynchronizedRootGroup;
			exceptions = (
				C6C2D9212EB8A58800C7FE1A /* Exceptions for "ElitechToolDemo" folder in "ElitechToolDemo" target */,
			);
			path = ElitechToolDemo;
			sourceTree = "<group>";
		};
/* End PBXFileSystemSynchronizedRootGroup section */

/* Begin PBXFrameworksBuildPhase section */
		C62716C72E700DDC009E3B75 /* Frameworks */ = {
			isa = PBXFrameworksBuildPhase;
			buildActionMask = 2147483647;
			files = (
				C660B4D52E7C03EC0072054E /* libxlsxwriter in Frameworks */,
				C62716FB2E7177C7009E3B75 /* AlertToast in Frameworks */,
			);
			runOnlyForDeploymentPostprocessing = 0;
		};
/* End PBXFrameworksBuildPhase section */

/* Begin PBXGroup section */
		C62716C12E700DDC009E3B75 = {
			isa = PBXGroup;
			children = (
				C654EEEE2FD69384006FCCBC /* ElitechToolSDK */,
				C62716CC2E700DDC009E3B75 /* ElitechToolDemo */,
				C654EE1D2FD692B8006FCCBC /* Frameworks */,
				C62716CB2E700DDC009E3B75 /* Products */,
			);
			sourceTree = "<group>";
		};
		C62716CB2E700DDC009E3B75 /* Products */ = {
			isa = PBXGroup;
			children = (
				C62716CA2E700DDC009E3B75 /* ElitechToolDemo.app */,
			);
			name = Products;
			sourceTree = "<group>";
		};
		C654EE1D2FD692B8006FCCBC /* Frameworks */ = {
			isa = PBXGroup;
			children = (
			);
			name = Frameworks;
			sourceTree = "<group>";
		};
		C654EED42FD69384006FCCBC /* Assets */ = {
			isa = PBXGroup;
			children = (
				C654EED32FD69384006FCCBC /* PrivacyInfo.xcprivacy */,
			);
			path = Assets;
			sourceTree = "<group>";
		};
		C654EEEC2FD69384006FCCBC /* ElitechToolSDK */ = {
			isa = PBXGroup;
			children = (
				C654EED52FD69384006FCCBC /* DeviceTypeDefine.h */,
				C654EED62FD69384006FCCBC /* ElitechManager.h */,
				C654EED72FD69384006FCCBC /* ElitechManager.m */,
				C654EED82FD69384006FCCBC /* ElitechToolDevice.h */,
				C654EED92FD69384006FCCBC /* ElitechToolDevice.m */,
				C654EEDA2FD69384006FCCBC /* ElitechToolSDK.h */,
				C654EEDB2FD69384006FCCBC /* ETBleScanData.h */,
				C654EEDC2FD69384006FCCBC /* ETBleScanData.m */,
				C654EEDD2FD69384006FCCBC /* ETNewProtocol.h */,
				C654EEDE2FD69384006FCCBC /* ETNewProtocol.m */,
				C654EEDF2FD69384006FCCBC /* ETNewProtocolWorker.h */,
				C654EEE02FD69384006FCCBC /* ETNewProtocolWorker.m */,
				C654EEE12FD69384006FCCBC /* ETTimerTool.h */,
				C654EEE22FD69384006FCCBC /* ETTimerTool.m */,
				C654EEE32FD69384006FCCBC /* ETVgwRtObj.h */,
				C654EEE42FD69384006FCCBC /* ETVgwRtObj.m */,
				C654EEE52FD69384006FCCBC /* NSData+Util.h */,
				C654EEE62FD69384006FCCBC /* NSData+Util.m */,
				C654EEE72FD69384006FCCBC /* NSObject+Utils.h */,
				C654EEE82FD69384006FCCBC /* NSObject+Utils.m */,
				C654EEE92FD69384006FCCBC /* UnitsDefine.h */,
				C654EEEA2FD69384006FCCBC /* UnitTool.h */,
				C654EEEB2FD69384006FCCBC /* UnitTool.m */,
			);
			path = ElitechToolSDK;
			sourceTree = "<group>";
		};
		C654EEEE2FD69384006FCCBC /* ElitechToolSDK */ = {
			isa = PBXGroup;
			children = (
				C654EED42FD69384006FCCBC /* Assets */,
				C654EEEC2FD69384006FCCBC /* ElitechToolSDK */,
				C654EEED2FD69384006FCCBC /* ElitechToolSDK.xcodeproj */,
			);
			name = ElitechToolSDK;
			path = /Users/wuwu/Desktop/JC_Folder/toolSDK/ElitechToolSDK;
			sourceTree = "<absolute>";
		};
		C654EEEF2FD69384006FCCBC /* Products */ = {
			isa = PBXGroup;
			children = (
			);
			name = Products;
			sourceTree = "<group>";
		};
/* End PBXGroup section */

/* Begin PBXNativeTarget section */
		C62716C92E700DDC009E3B75 /* ElitechToolDemo */ = {
			isa = PBXNativeTarget;
			buildConfigurationList = C62716D82E700DDE009E3B75 /* Build configuration list for PBXNativeTarget "ElitechToolDemo" */;
			buildPhases = (
				C62716C62E700DDC009E3B75 /* Sources */,
				C62716C72E700DDC009E3B75 /* Frameworks */,
				C62716C82E700DDC009E3B75 /* Resources */,
			);
			buildRules = (
			);
			dependencies = (
				C654EF302FD6938D006FCCBC /* PBXTargetDependency */,
			);
			fileSystemSynchronizedGroups = (
				C62716CC2E700DDC009E3B75 /* ElitechToolDemo */,
			);
			name = ElitechToolDemo;
			packageProductDependencies = (
				C62716FA2E7177C7009E3B75 /* AlertToast */,
				C660B4D42E7C03EC0072054E /* libxlsxwriter */,
			);
			productName = ElitechToolDemo;
			productReference = C62716CA2E700DDC009E3B75 /* ElitechToolDemo.app */;
			productType = "com.apple.product-type.application";
		};
/* End PBXNativeTarget section */

/* Begin PBXProject section */
		C62716C22E700DDC009E3B75 /* Project object */ = {
			isa = PBXProject;
			attributes = {
				BuildIndependentTargetsInParallel = 1;
				LastSwiftUpdateCheck = 1610;
				LastUpgradeCheck = 1610;
				TargetAttributes = {
					C62716C92E700DDC009E3B75 = {
						CreatedOnToolsVersion = 16.1;
					};
				};
			};
			buildConfigurationList = C62716C52E700DDC009E3B75 /* Build configuration list for PBXProject "ElitechToolDemo" */;
			developmentRegion = en;
			hasScannedForEncodings = 0;
			knownRegions = (
				en,
				Base,
			);
			mainGroup = C62716C12E700DDC009E3B75;
			minimizedProjectReferenceProxies = 1;
			packageReferences = (
				C62716F92E7177C7009E3B75 /* XCRemoteSwiftPackageReference "AlertToast" */,
				C660B4D32E7C03EC0072054E /* XCRemoteSwiftPackageReference "libxlsxwriter" */,
			);
			preferredProjectObjectVersion = 77;
			productRefGroup = C62716CB2E700DDC009E3B75 /* Products */;
			projectDirPath = "";
			projectReferences = (
				{
					ProductGroup = C654EEEF2FD69384006FCCBC /* Products */;
					ProjectRef = C654EEED2FD69384006FCCBC /* ElitechToolSDK.xcodeproj */;
				},
			);
			projectRoot = "";
			targets = (
				C62716C92E700DDC009E3B75 /* ElitechToolDemo */,
			);
		};
/* End PBXProject section */

/* Begin PBXResourcesBuildPhase section */
		C62716C82E700DDC009E3B75 /* Resources */ = {
			isa = PBXResourcesBuildPhase;
			buildActionMask = 2147483647;
			files = (
				C654EEF12FD69384006FCCBC /* PrivacyInfo.xcprivacy in Resources */,
			);
			runOnlyForDeploymentPostprocessing = 0;
		};
/* End PBXResourcesBuildPhase section */

/* Begin PBXSourcesBuildPhase section */
		C62716C62E700DDC009E3B75 /* Sources */ = {
			isa = PBXSourcesBuildPhase;
			buildActionMask = 2147483647;
			files = (
				C654EEF22FD69384006FCCBC /* ETNewProtocolWorker.m in Sources */,
				C654EEF32FD69384006FCCBC /* ETVgwRtObj.m in Sources */,
				C654EEF42FD69384006FCCBC /* ETBleScanData.m in Sources */,
				C654EEF52FD69384006FCCBC /* ETTimerTool.m in Sources */,
				C654EEF62FD69384006FCCBC /* UnitTool.m in Sources */,
				C654EEF72FD69384006FCCBC /* NSData+Util.m in Sources */,
				C654EEF82FD69384006FCCBC /* ElitechToolDevice.m in Sources */,
				C654EEF92FD69384006FCCBC /* ElitechManager.m in Sources */,
				C654EEFA2FD69384006FCCBC /* ETNewProtocol.m in Sources */,
				C654EEFB2FD69384006FCCBC /* NSObject+Utils.m in Sources */,
			);
			runOnlyForDeploymentPostprocessing = 0;
		};
/* End PBXSourcesBuildPhase section */

/* Begin PBXTargetDependency section */
		C654EF302FD6938D006FCCBC /* PBXTargetDependency */ = {
			isa = PBXTargetDependency;
			name = ElitechToolSDK;
			targetProxy = C654EF2F2FD6938D006FCCBC /* PBXContainerItemProxy */;
		};
/* End PBXTargetDependency section */

/* Begin XCBuildConfiguration section */
		C62716D62E700DDE009E3B75 /* Debug */ = {
			isa = XCBuildConfiguration;
			buildSettings = {
				ALWAYS_SEARCH_USER_PATHS = NO;
				ASSETCATALOG_COMPILER_GENERATE_SWIFT_ASSET_SYMBOL_EXTENSIONS = YES;
				CLANG_ANALYZER_NONNULL = YES;
				CLANG_ANALYZER_NUMBER_OBJECT_CONVERSION = YES_AGGRESSIVE;
				CLANG_CXX_LANGUAGE_STANDARD = "gnu++20";
				CLANG_ENABLE_MODULES = YES;
				CLANG_ENABLE_OBJC_ARC = YES;
				CLANG_ENABLE_OBJC_WEAK = YES;
				CLANG_WARN_BLOCK_CAPTURE_AUTORELEASING = YES;
				CLANG_WARN_BOOL_CONVERSION = YES;
				CLANG_WARN_COMMA = YES;
				CLANG_WARN_CONSTANT_CONVERSION = YES;
				CLANG_WARN_DEPRECATED_OBJC_IMPLEMENTATIONS = YES;
				CLANG_WARN_DIRECT_OBJC_ISA_USAGE = YES_ERROR;
				CLANG_WARN_DOCUMENTATION_COMMENTS = YES;
				CLANG_WARN_EMPTY_BODY = YES;
				CLANG_WARN_ENUM_CONVERSION = YES;
				CLANG_WARN_INFINITE_RECURSION = YES;
				CLANG_WARN_INT_CONVERSION = YES;
				CLANG_WARN_NON_LITERAL_NULL_CONVERSION = YES;
				CLANG_WARN_OBJC_IMPLICIT_RETAIN_SELF = YES;
				CLANG_WARN_OBJC_LITERAL_CONVERSION = YES;
				CLANG_WARN_OBJC_ROOT_CLASS = YES_ERROR;
				CLANG_WARN_QUOTED_INCLUDE_IN_FRAMEWORK_HEADER = YES;
				CLANG_WARN_RANGE_LOOP_ANALYSIS = YES;
				CLANG_WARN_STRICT_PROTOTYPES = YES;
				CLANG_WARN_SUSPICIOUS_MOVE = YES;
				CLANG_WARN_UNGUARDED_AVAILABILITY = YES_AGGRESSIVE;
				CLANG_WARN_UNREACHABLE_CODE = YES;
				CLANG_WARN__DUPLICATE_METHOD_MATCH = YES;
				COPY_PHASE_STRIP = NO;
				DEBUG_INFORMATION_FORMAT = dwarf;
				ENABLE_STRICT_OBJC_MSGSEND = YES;
				ENABLE_TESTABILITY = YES;
				ENABLE_USER_SCRIPT_SANDBOXING = YES;
				GCC_C_LANGUAGE_STANDARD = gnu17;
				GCC_DYNAMIC_NO_PIC = NO;
				GCC_NO_COMMON_BLOCKS = YES;
				GCC_OPTIMIZATION_LEVEL = 0;
				GCC_PREPROCESSOR_DEFINITIONS = (
					"DEBUG=1",
					"$(inherited)",
				);
				GCC_WARN_64_TO_32_BIT_CONVERSION = YES;
				GCC_WARN_ABOUT_RETURN_TYPE = YES_ERROR;
				GCC_WARN_UNDECLARED_SELECTOR = YES;
				GCC_WARN_UNINITIALIZED_AUTOS = YES_AGGRESSIVE;
				GCC_WARN_UNUSED_FUNCTION = YES;
				GCC_WARN_UNUSED_VARIABLE = YES;
				IPHONEOS_DEPLOYMENT_TARGET = 18.1;
				LOCALIZATION_PREFERS_STRING_CATALOGS = YES;
				MTL_ENABLE_DEBUG_INFO = INCLUDE_SOURCE;
				MTL_FAST_MATH = YES;
				ONLY_ACTIVE_ARCH = YES;
				SDKROOT = iphoneos;
				SWIFT_ACTIVE_COMPILATION_CONDITIONS = "DEBUG $(inherited)";
				SWIFT_OPTIMIZATION_LEVEL = "-Onone";
			};
			name = Debug;
		};
		C62716D72E700DDE009E3B75 /* Release */ = {
			isa = XCBuildConfiguration;
			buildSettings = {
				ALWAYS_SEARCH_USER_PATHS = NO;
				ASSETCATALOG_COMPILER_GENERATE_SWIFT_ASSET_SYMBOL_EXTENSIONS = YES;
				CLANG_ANALYZER_NONNULL = YES;
				CLANG_ANALYZER_NUMBER_OBJECT_CONVERSION = YES_AGGRESSIVE;
				CLANG_CXX_LANGUAGE_STANDARD = "gnu++20";
				CLANG_ENABLE_MODULES = YES;
				CLANG_ENABLE_OBJC_ARC = YES;
				CLANG_ENABLE_OBJC_WEAK = YES;
				CLANG_WARN_BLOCK_CAPTURE_AUTORELEASING = YES;
				CLANG_WARN_BOOL_CONVERSION = YES;
				CLANG_WARN_COMMA = YES;
				CLANG_WARN_CONSTANT_CONVERSION = YES;
				CLANG_WARN_DEPRECATED_OBJC_IMPLEMENTATIONS = YES;
				CLANG_WARN_DIRECT_OBJC_ISA_USAGE = YES_ERROR;
				CLANG_WARN_DOCUMENTATION_COMMENTS = YES;
				CLANG_WARN_EMPTY_BODY = YES;
				CLANG_WARN_ENUM_CONVERSION = YES;
				CLANG_WARN_INFINITE_RECURSION = YES;
				CLANG_WARN_INT_CONVERSION = YES;
				CLANG_WARN_NON_LITERAL_NULL_CONVERSION = YES;
				CLANG_WARN_OBJC_IMPLICIT_RETAIN_SELF = YES;
				CLANG_WARN_OBJC_LITERAL_CONVERSION = YES;
				CLANG_WARN_OBJC_ROOT_CLASS = YES_ERROR;
				CLANG_WARN_QUOTED_INCLUDE_IN_FRAMEWORK_HEADER = YES;
				CLANG_WARN_RANGE_LOOP_ANALYSIS = YES;
				CLANG_WARN_STRICT_PROTOTYPES = YES;
				CLANG_WARN_SUSPICIOUS_MOVE = YES;
				CLANG_WARN_UNGUARDED_AVAILABILITY = YES_AGGRESSIVE;
				CLANG_WARN_UNREACHABLE_CODE = YES;
				CLANG_WARN__DUPLICATE_METHOD_MATCH = YES;
				COPY_PHASE_STRIP = NO;
				DEBUG_INFORMATION_FORMAT = "dwarf-with-dsym";
				ENABLE_NS_ASSERTIONS = NO;
				ENABLE_STRICT_OBJC_MSGSEND = YES;
				ENABLE_USER_SCRIPT_SANDBOXING = YES;
				GCC_C_LANGUAGE_STANDARD = gnu17;
				GCC_NO_COMMON_BLOCKS = YES;
				GCC_WARN_64_TO_32_BIT_CONVERSION = YES;
				GCC_WARN_ABOUT_RETURN_TYPE = YES_ERROR;
				GCC_WARN_UNDECLARED_SELECTOR = YES;
				GCC_WARN_UNINITIALIZED_AUTOS = YES_AGGRESSIVE;
				GCC_WARN_UNUSED_FUNCTION = YES;
				GCC_WARN_UNUSED_VARIABLE = YES;
				IPHONEOS_DEPLOYMENT_TARGET = 18.1;
				LOCALIZATION_PREFERS_STRING_CATALOGS = YES;
				MTL_ENABLE_DEBUG_INFO = NO;
				MTL_FAST_MATH = YES;
				SDKROOT = iphoneos;
				SWIFT_COMPILATION_MODE = wholemodule;
				VALIDATE_PRODUCT = YES;
			};
			name = Release;
		};
		C62716D92E700DDE009E3B75 /* Debug */ = {
			isa = XCBuildConfiguration;
			buildSettings = {
				ASSETCATALOG_COMPILER_APPICON_NAME = AppIcon;
				ASSETCATALOG_COMPILER_GLOBAL_ACCENT_COLOR_NAME = AccentColor;
				CODE_SIGN_STYLE = Automatic;
				CURRENT_PROJECT_VERSION = 2;
				DEVELOPMENT_ASSET_PATHS = "\"ElitechToolDemo/Preview Content\"";
				DEVELOPMENT_TEAM = 223US8T63D;
				ENABLE_PREVIEWS = YES;
				ENABLE_USER_SCRIPT_SANDBOXING = NO;
				FRAMEWORK_SEARCH_PATHS = (
					"$(inherited)",
					"$(PROJECT_DIR)/ElitechToolDemo",
				);
				GENERATE_INFOPLIST_FILE = YES;
				HEADER_SEARCH_PATHS = "$(PROJECT_DIR)/ElitechToolDemo/ElitechTool.framework/Headers";
				INFOPLIST_FILE = ElitechToolDemo/Info.plist;
				INFOPLIST_KEY_NSBluetoothAlwaysUsageDescription = "想用蓝牙给不给";
				INFOPLIST_KEY_UIApplicationSceneManifest_Generation = YES;
				INFOPLIST_KEY_UIApplicationSupportsIndirectInputEvents = YES;
				INFOPLIST_KEY_UILaunchScreen_Generation = YES;
				INFOPLIST_KEY_UISupportedInterfaceOrientations_iPad = "UIInterfaceOrientationPortrait UIInterfaceOrientationPortraitUpsideDown UIInterfaceOrientationLandscapeLeft UIInterfaceOrientationLandscapeRight";
				INFOPLIST_KEY_UISupportedInterfaceOrientations_iPhone = "UIInterfaceOrientationPortrait UIInterfaceOrientationLandscapeLeft UIInterfaceOrientationLandscapeRight";
				IPHONEOS_DEPLOYMENT_TARGET = 14;
				LD_RUNPATH_SEARCH_PATHS = (
					"$(inherited)",
					"@executable_path/Frameworks",
				);
				MARKETING_VERSION = 1.1;
				OTHER_LDFLAGS = "-ObjC";
				PRODUCT_BUNDLE_IDENTIFIER = com.elitech.ElitechToolDemo;
				PRODUCT_NAME = "$(TARGET_NAME)";
				SWIFT_EMIT_LOC_STRINGS = YES;
				SWIFT_OBJC_BRIDGING_HEADER = "";
				SWIFT_VERSION = 5.0;
				TARGETED_DEVICE_FAMILY = "1,2";
			};
			name = Debug;
		};
		C62716DA2E700DDE009E3B75 /* Release */ = {
			isa = XCBuildConfiguration;
			buildSettings = {
				ASSETCATALOG_COMPILER_APPICON_NAME = AppIcon;
				ASSETCATALOG_COMPILER_GLOBAL_ACCENT_COLOR_NAME = AccentColor;
				CODE_SIGN_STYLE = Automatic;
				CURRENT_PROJECT_VERSION = 2;
				DEVELOPMENT_ASSET_PATHS = "\"ElitechToolDemo/Preview Content\"";
				DEVELOPMENT_TEAM = 223US8T63D;
				ENABLE_PREVIEWS = YES;
				ENABLE_USER_SCRIPT_SANDBOXING = NO;
				FRAMEWORK_SEARCH_PATHS = (
					"$(inherited)",
					"$(PROJECT_DIR)/ElitechToolDemo",
				);
				GENERATE_INFOPLIST_FILE = YES;
				HEADER_SEARCH_PATHS = "$(PROJECT_DIR)/ElitechToolDemo/ElitechTool.framework/Headers";
				INFOPLIST_FILE = ElitechToolDemo/Info.plist;
				INFOPLIST_KEY_NSBluetoothAlwaysUsageDescription = "想用蓝牙给不给";
				INFOPLIST_KEY_UIApplicationSceneManifest_Generation = YES;
				INFOPLIST_KEY_UIApplicationSupportsIndirectInputEvents = YES;
				INFOPLIST_KEY_UILaunchScreen_Generation = YES;
				INFOPLIST_KEY_UISupportedInterfaceOrientations_iPad = "UIInterfaceOrientationPortrait UIInterfaceOrientationPortraitUpsideDown UIInterfaceOrientationLandscapeLeft UIInterfaceOrientationLandscapeRight";
				INFOPLIST_KEY_UISupportedInterfaceOrientations_iPhone = "UIInterfaceOrientationPortrait UIInterfaceOrientationLandscapeLeft UIInterfaceOrientationLandscapeRight";
				IPHONEOS_DEPLOYMENT_TARGET = 14;
				LD_RUNPATH_SEARCH_PATHS = (
					"$(inherited)",
					"@executable_path/Frameworks",
				);
				MARKETING_VERSION = 1.1;
				OTHER_LDFLAGS = "-ObjC";
				PRODUCT_BUNDLE_IDENTIFIER = com.elitech.ElitechToolDemo;
				PRODUCT_NAME = "$(TARGET_NAME)";
				SWIFT_EMIT_LOC_STRINGS = YES;
				SWIFT_OBJC_BRIDGING_HEADER = "";
				SWIFT_VERSION = 5.0;
				TARGETED_DEVICE_FAMILY = "1,2";
			};
			name = Release;
		};
/* End XCBuildConfiguration section */

/* Begin XCConfigurationList section */
		C62716C52E700DDC009E3B75 /* Build configuration list for PBXProject "ElitechToolDemo" */ = {
			isa = XCConfigurationList;
			buildConfigurations = (
				C62716D62E700DDE009E3B75 /* Debug */,
				C62716D72E700DDE009E3B75 /* Release */,
			);
			defaultConfigurationIsVisible = 0;
			defaultConfigurationName = Release;
		};
		C62716D82E700DDE009E3B75 /* Build configuration list for PBXNativeTarget "ElitechToolDemo" */ = {
			isa = XCConfigurationList;
			buildConfigurations = (
				C62716D92E700DDE009E3B75 /* Debug */,
				C62716DA2E700DDE009E3B75 /* Release */,
			);
			defaultConfigurationIsVisible = 0;
			defaultConfigurationName = Release;
		};
/* End XCConfigurationList section */

/* Begin XCRemoteSwiftPackageReference section */
		C62716F92E7177C7009E3B75 /* XCRemoteSwiftPackageReference "AlertToast" */ = {
			isa = XCRemoteSwiftPackageReference;
			repositoryURL = "https://github.com/elai950/AlertToast.git";
			requirement = {
				kind = upToNextMajorVersion;
				minimumVersion = 1.3.9;
			};
		};
		C660B4D32E7C03EC0072054E /* XCRemoteSwiftPackageReference "libxlsxwriter" */ = {
			isa = XCRemoteSwiftPackageReference;
			repositoryURL = "https://github.com/jmcnamara/libxlsxwriter.git";
			requirement = {
				kind = upToNextMajorVersion;
				minimumVersion = 1.0.0;
			};
		};
/* End XCRemoteSwiftPackageReference section */

/* Begin XCSwiftPackageProductDependency section */
		C62716FA2E7177C7009E3B75 /* AlertToast */ = {
			isa = XCSwiftPackageProductDependency;
			package = C62716F92E7177C7009E3B75 /* XCRemoteSwiftPackageReference "AlertToast" */;
			productName = AlertToast;
		};
		C660B4D42E7C03EC0072054E /* libxlsxwriter */ = {
			isa = XCSwiftPackageProductDependency;
			package = C660B4D32E7C03EC0072054E /* XCRemoteSwiftPackageReference "libxlsxwriter" */;
			productName = libxlsxwriter;
		};
/* End XCSwiftPackageProductDependency section */
	};
	rootObject = C62716C22E700DDC009E3B75 /* Project object */;
}
